# THIS IS AN AUTOGENERATED FILE. DO NOT EDIT THIS FILE DIRECTLY.
# yarn lockfile v1


"@better-scroll/core@^2.0.0-beta.8":
  version "2.0.0-beta.8"
  resolved "https://registry.npm.taobao.org/@better-scroll/core/download/@better-scroll/core-2.0.0-beta.8.tgz?cache=0&sync_timestamp=1589953012060&other_urls=https%3A%2F%2Fregistry.npm.taobao.org%2F%40better-scroll%2Fcore%2Fdownload%2F%40better-scroll%2Fcore-2.0.0-beta.8.tgz#c067d64f28922d050a616f7d84f8d2c907e391cf"
  integrity sha1-wGfWTyiSLQUKYW99hPjSyQfjkc8=
  dependencies:
    "@better-scroll/shared-utils" "^2.0.0-beta.8"

"@better-scroll/mouse-wheel@^2.0.0-beta.8":
  version "2.0.0-beta.8"
  resolved "https://registry.npm.taobao.org/@better-scroll/mouse-wheel/download/@better-scroll/mouse-wheel-2.0.0-beta.8.tgz?cache=0&sync_timestamp=1589953015716&other_urls=https%3A%2F%2Fregistry.npm.taobao.org%2F%40better-scroll%2Fmouse-wheel%2Fdownload%2F%40better-scroll%2Fmouse-wheel-2.0.0-beta.8.tgz#2fd9dfdb6c7a581f85b9a7a52fa475afa40b7294"
  integrity sha1-L9nf22x6WB+FuaelL6R1r6QLcpQ=
  dependencies:
    "@better-scroll/core" "^2.0.0-beta.8"

"@better-scroll/observe-dom@^2.0.0-beta.8":
  version "2.0.0-beta.8"
  resolved "https://registry.npm.taobao.org/@better-scroll/observe-dom/download/@better-scroll/observe-dom-2.0.0-beta.8.tgz?cache=0&sync_timestamp=1589953351971&other_urls=https%3A%2F%2Fregistry.npm.taobao.org%2F%40better-scroll%2Fobserve-dom%2Fdownload%2F%40better-scroll%2Fobserve-dom-2.0.0-beta.8.tgz#8116553d9a41e25830955dc4372a2294c7df3fe1"
  integrity sha1-gRZVPZpB4lgwlV3ENyoilMffP+E=
  dependencies:
    "@better-scroll/core" "^2.0.0-beta.8"

"@better-scroll/pull-down@^2.0.0-beta.8":
  version "2.0.0-beta.8"
  resolved "https://registry.npm.taobao.org/@better-scroll/pull-down/download/@better-scroll/pull-down-2.0.0-beta.8.tgz#62d8df2eea8e4b87bed54730e449654aff4479bf"
  integrity sha1-YtjfLuqOS4e+1Ucw5EllSv9Eeb8=
  dependencies:
    "@better-scroll/core" "^2.0.0-beta.8"

"@better-scroll/pull-up@^2.0.0-beta.8":
  version "2.0.0-beta.8"
  resolved "https://registry.npm.taobao.org/@better-scroll/pull-up/download/@better-scroll/pull-up-2.0.0-beta.8.tgz#6da87facac4d5e9dc4e599976970ce2fcdc2c260"
  integrity sha1-bah/rKxNXp3E5ZmXaXDOL83CwmA=
  dependencies:
    "@better-scroll/core" "^2.0.0-beta.8"

"@better-scroll/scroll-bar@^2.0.0-beta.8":
  version "2.0.0-beta.8"
  resolved "https://registry.npm.taobao.org/@better-scroll/scroll-bar/download/@better-scroll/scroll-bar-2.0.0-beta.8.tgz?cache=0&sync_timestamp=1589953352592&other_urls=https%3A%2F%2Fregistry.npm.taobao.org%2F%40better-scroll%2Fscroll-bar%2Fdownload%2F%40better-scroll%2Fscroll-bar-2.0.0-beta.8.tgz#263831f9bfb7db81fa7a3faab55fae424639ea22"
  integrity sha1-Jjgx+b+324H6ej+qtV+uQkY56iI=
  dependencies:
    "@better-scroll/core" "^2.0.0-beta.8"

"@better-scroll/shared-utils@^2.0.0-beta.8":
  version "2.0.0-beta.8"
  resolved "https://registry.npm.taobao.org/@better-scroll/shared-utils/download/@better-scroll/shared-utils-2.0.0-beta.8.tgz#0f884af36ea251dddccaf2d7b1a550a5273bc2a2"
  integrity sha1-D4hK826iUd3cyvLXsaVQpSc7wqI=

"@better-scroll/slide@^2.0.0-beta.8":
  version "2.0.0-beta.8"
  resolved "https://registry.npm.taobao.org/@better-scroll/slide/download/@better-scroll/slide-2.0.0-beta.8.tgz#7b6b7991466261e73f4d4c7a8d2258c330ecec94"
  integrity sha1-e2t5kUZiYec/TUx6jSJYwzDs7JQ=
  dependencies:
    "@better-scroll/core" "^2.0.0-beta.8"

"@better-scroll/wheel@^2.0.0-beta.8":
  version "2.0.0-beta.8"
  resolved "https://registry.npm.taobao.org/@better-scroll/wheel/download/@better-scroll/wheel-2.0.0-beta.8.tgz#f60281a060fbbf83034de37c17966a5601c051be"
  integrity sha1-9gKBoGD7v4MDTeN8F5ZqVgHAUb4=
  dependencies:
    "@better-scroll/core" "^2.0.0-beta.8"

"@better-scroll/zoom@^2.0.0-beta.8":
  version "2.0.0-beta.8"
  resolved "https://registry.npm.taobao.org/@better-scroll/zoom/download/@better-scroll/zoom-2.0.0-beta.8.tgz#cba554865eab899789df5ed7010da19f483874e8"
  integrity sha1-y6VUhl6riZeJ317XAQ2hn0g4dOg=
  dependencies:
    "@better-scroll/core" "^2.0.0-beta.8"

amfe-flexible@^2.2.1:
  version "2.2.1"
  resolved "https://registry.npm.taobao.org/amfe-flexible/download/amfe-flexible-2.2.1.tgz#353f00289e4d38ca88a21eb3854420308af0b559"
  integrity sha1-NT8AKJ5NOMqIoh6zhUQgMIrwtVk=

better-scroll@^2.0.0-beta.8:
  version "2.0.0-beta.8"
  resolved "https://registry.npm.taobao.org/better-scroll/download/better-scroll-2.0.0-beta.8.tgz#e34009ef13575c56c87e15381b50672e64bf0d20"
  integrity sha1-40AJ7xNXXFbIfhU4G1BnLmS/DSA=
  dependencies:
    "@better-scroll/core" "^2.0.0-beta.8"
    "@better-scroll/mouse-wheel" "^2.0.0-beta.8"
    "@better-scroll/observe-dom" "^2.0.0-beta.8"
    "@better-scroll/pull-down" "^2.0.0-beta.8"
    "@better-scroll/pull-up" "^2.0.0-beta.8"
    "@better-scroll/scroll-bar" "^2.0.0-beta.8"
    "@better-scroll/slide" "^2.0.0-beta.8"
    "@better-scroll/wheel" "^2.0.0-beta.8"
    "@better-scroll/zoom" "^2.0.0-beta.8"

normalize.css@^8.0.1:
  version "8.0.1"
  resolved "https://registry.npm.taobao.org/normalize.css/download/normalize.css-8.0.1.tgz#9b98a208738b9cc2634caacbc42d131c97487bf3"
  integrity sha1-m5iiCHOLnMJjTKrLxC0THJdIe/M=
